# THIS IS AN AUTOGENERATED FILE. DO NOT EDIT THIS FILE DIRECTLY.
# yarn lockfile v1


"@openagenda/queue@^1.0.0":
  version "1.0.0"
  resolved "https://registry.npmjs.org/@openagenda/queue/-/queue-1.0.0.tgz#b08f1e2abeac6353cfaee5363367d83a7154069a"
  dependencies:
    "@openagenda/utils" "^1.0.2"
    async "^1.5.2"
    debug "2.2.0"
    redis "~0.12"

"@openagenda/utils@^1.0.2":
  version "1.0.2"
  resolved "https://registry.npmjs.org/@openagenda/utils/-/utils-1.0.2.tgz#a2299c4c0484f565e640084b6b12cf749dbe60fd"
  dependencies:
    qs "^6.1.0"
    when "^3.7.8"
    xhr "^2.2.2"

async@1.2.1:
  version "1.2.1"
  resolved "https://registry.npmjs.org/async/-/async-1.2.1.tgz#a4816a17cd5ff516dfa2c7698a453369b9790de0"

async@^1.5.2:
  version "1.5.2"
  resolved "https://registry.npmjs.org/async/-/async-1.5.2.tgz#ec6a61ae56480c0c3cb241c95618e20892f9672a"

bignumber.js@2.0.7:
  version "2.0.7"
  resolved "https://registry.npmjs.org/bignumber.js/-/bignumber.js-2.0.7.tgz#86eb0707cf6a5110909d23e6ea7434c14f500f1c"

core-util-is@~1.0.0:
  version "1.0.2"
  resolved "https://registry.npmjs.org/core-util-is/-/core-util-is-1.0.2.tgz#b5fd54220aa2bc5ab57aab7140c940754503c1a7"

debug@2.2.0:
  version "2.2.0"
  resolved "https://registry.npmjs.org/debug/-/debug-2.2.0.tgz#f87057e995b1a1f6ae6a4960664137bc56f039da"
  dependencies:
    ms "0.7.1"

dom-walk@^0.1.0:
  version "0.1.1"
  resolved "https://registry.npmjs.org/dom-walk/-/dom-walk-0.1.1.tgz#672226dc74c8f799ad35307df936aba11acd6018"

for-each@^0.3.2:
  version "0.3.2"
  resolved "https://registry.npmjs.org/for-each/-/for-each-0.3.2.tgz#2c40450b9348e97f281322593ba96704b9abd4d4"
  dependencies:
    is-function "~1.0.0"

global@~4.3.0:
  version "4.3.2"
  resolved "https://registry.npmjs.org/global/-/global-4.3.2.tgz#e76989268a6c74c38908b1305b10fc0e394e9d0f"
  dependencies:
    min-document "^2.19.0"
    process "~0.5.1"

inherits@~2.0.1:
  version "2.0.3"
  resolved "https://registry.npmjs.org/inherits/-/inherits-2.0.3.tgz#633c2c83e3da42a502f52466022480f4208261de"

is-function@^1.0.1, is-function@~1.0.0:
  version "1.0.1"
  resolved "https://registry.npmjs.org/is-function/-/is-function-1.0.1.tgz#12cfb98b65b57dd3d193a3121f5f6e2f437602b5"

isarray@0.0.1:
  version "0.0.1"
  resolved "https://registry.npmjs.org/isarray/-/isarray-0.0.1.tgz#8a18acfca9a8f4177e09abfc6038939b05d1eedf"

min-document@^2.19.0:
  version "2.19.0"
  resolved "https://registry.npmjs.org/min-document/-/min-document-2.19.0.tgz#7bd282e3f5842ed295bb748cdd9f1ffa2c824685"
  dependencies:
    dom-walk "^0.1.0"

ms@0.7.1:
  version "0.7.1"
  resolved "https://registry.npmjs.org/ms/-/ms-0.7.1.tgz#9cd13c03adbff25b65effde7ce864ee952017098"

mysql@2.6.2:
  version "2.6.2"
  resolved "https://registry.npmjs.org/mysql/-/mysql-2.6.2.tgz#93719dd324f57d41c44fb6d7f860cf8e638593b0"
  dependencies:
    bignumber.js "2.0.7"
    readable-stream "~1.1.13"
    require-all "~1.0.0"

parse-headers@^2.0.0:
  version "2.0.1"
  resolved "https://registry.npmjs.org/parse-headers/-/parse-headers-2.0.1.tgz#6ae83a7aa25a9d9b700acc28698cd1f1ed7e9536"
  dependencies:
    for-each "^0.3.2"
    trim "0.0.1"

process@~0.5.1:
  version "0.5.2"
  resolved "https://registry.npmjs.org/process/-/process-0.5.2.tgz#1638d8a8e34c2f440a91db95ab9aeb677fc185cf"

qs@^6.1.0:
  version "6.5.1"
  resolved "https://registry.npmjs.org/qs/-/qs-6.5.1.tgz#349cdf6eef89ec45c12d7d5eb3fc0c870343a6d8"

readable-stream@~1.1.13:
  version "1.1.14"
  resolved "https://registry.npmjs.org/readable-stream/-/readable-stream-1.1.14.tgz#7cf4c54ef648e3813084c636dd2079e166c081d9"
  dependencies:
    core-util-is "~1.0.0"
    inherits "~2.0.1"
    isarray "0.0.1"
    string_decoder "~0.10.x"

redis@~0.12:
  version "0.12.1"
  resolved "https://registry.npmjs.org/redis/-/redis-0.12.1.tgz#64df76ad0fc8acebaebd2a0645e8a48fac49185e"

require-all@~1.0.0:
  version "1.0.0"
  resolved "https://registry.npmjs.org/require-all/-/require-all-1.0.0.tgz#8483708e7ce4c6dfad988b5080f97829b92d2227"

sax@0.6.x:
  version "0.6.1"
  resolved "https://registry.npmjs.org/sax/-/sax-0.6.1.tgz#563b19c7c1de892e09bfc4f2fc30e3c27f0952b9"

should@~4.0:
  version "4.0.4"
  resolved "https://registry.npmjs.org/should/-/should-4.0.4.tgz#8efaa304f1f148cf3d2e955862990f9ab9ea628f"

string_decoder@~0.10.x:
  version "0.10.31"
  resolved "https://registry.npmjs.org/string_decoder/-/string_decoder-0.10.31.tgz#62e203bc41766c6c28c9fc84301dab1c5310fa94"

trim@0.0.1:
  version "0.0.1"
  resolved "https://registry.npmjs.org/trim/-/trim-0.0.1.tgz#5858547f6b290757ee95cccc666fb50084c460dd"

when@^3.7.8:
  version "3.7.8"
  resolved "https://registry.npmjs.org/when/-/when-3.7.8.tgz#c7130b6a7ea04693e842cdc9e7a1f2aa39a39f82"

xhr@^2.2.2:
  version "2.4.0"
  resolved "https://registry.npmjs.org/xhr/-/xhr-2.4.0.tgz#e16e66a45f869861eeefab416d5eff722dc40993"
  dependencies:
    global "~4.3.0"
    is-function "^1.0.1"
    parse-headers "^2.0.0"
    xtend "^4.0.0"

xml2js@0.4.9:
  version "0.4.9"
  resolved "https://registry.npmjs.org/xml2js/-/xml2js-0.4.9.tgz#d07cfdcb4d20b430478a5457bdcfc6ed621d884f"
  dependencies:
    sax "0.6.x"
    xmlbuilder ">=2.4.6"

xmlbuilder@>=2.4.6:
  version "9.0.4"
  resolved "https://registry.npmjs.org/xmlbuilder/-/xmlbuilder-9.0.4.tgz#519cb4ca686d005a8420d3496f3f0caeecca580f"

xtend@^4.0.0:
  version "4.0.1"
  resolved "https://registry.npmjs.org/xtend/-/xtend-4.0.1.tgz#a5c6d532be656e23db820efb943a1f04998d63af"
