# THIS IS AN AUTOGENERATED FILE. DO NOT EDIT THIS FILE DIRECTLY.
# yarn lockfile v1


"@openagenda/utils@^1.0.0":
  version "1.0.0"
  resolved "https://registry.npmjs.org/@openagenda/utils/-/utils-1.0.0.tgz#6abdb349dbae89ce1752ca17a2a66d3d19570ea0"
  dependencies:
    qs "^6.1.0"
    when "^3.7.8"
    xhr "^2.2.2"

dom-walk@^0.1.0:
  version "0.1.1"
  resolved "https://registry.yarnpkg.com/dom-walk/-/dom-walk-0.1.1.tgz#672226dc74c8f799ad35307df936aba11acd6018"

es6-promise@^4.1.1:
  version "4.1.1"
  resolved "https://registry.npmjs.org/es6-promise/-/es6-promise-4.1.1.tgz#8811e90915d9a0dba36274f0b242dbda78f9c92a"

for-each@^0.3.2:
  version "0.3.2"
  resolved "https://registry.yarnpkg.com/for-each/-/for-each-0.3.2.tgz#2c40450b9348e97f281322593ba96704b9abd4d4"
  dependencies:
    is-function "~1.0.0"

global@~4.3.0:
  version "4.3.1"
  resolved "https://registry.yarnpkg.com/global/-/global-4.3.1.tgz#5f757908c7cbabce54f386ae440e11e26b7916df"
  dependencies:
    min-document "^2.19.0"
    process "~0.5.1"

is-function@^1.0.1, is-function@~1.0.0:
  version "1.0.1"
  resolved "https://registry.yarnpkg.com/is-function/-/is-function-1.0.1.tgz#12cfb98b65b57dd3d193a3121f5f6e2f437602b5"

min-document@^2.19.0:
  version "2.19.0"
  resolved "https://registry.yarnpkg.com/min-document/-/min-document-2.19.0.tgz#7bd282e3f5842ed295bb748cdd9f1ffa2c824685"
  dependencies:
    dom-walk "^0.1.0"

parse-headers@^2.0.0:
  version "2.0.1"
  resolved "https://registry.yarnpkg.com/parse-headers/-/parse-headers-2.0.1.tgz#6ae83a7aa25a9d9b700acc28698cd1f1ed7e9536"
  dependencies:
    for-each "^0.3.2"
    trim "0.0.1"

process@~0.5.1:
  version "0.5.2"
  resolved "https://registry.yarnpkg.com/process/-/process-0.5.2.tgz#1638d8a8e34c2f440a91db95ab9aeb677fc185cf"

qs@^6.1.0:
  version "6.3.0"
  resolved "https://registry.yarnpkg.com/qs/-/qs-6.3.0.tgz#f403b264f23bc01228c74131b407f18d5ea5d442"

qs@^6.5.1:
  version "6.5.1"
  resolved "https://registry.npmjs.org/qs/-/qs-6.5.1.tgz#349cdf6eef89ec45c12d7d5eb3fc0c870343a6d8"

trim@0.0.1:
  version "0.0.1"
  resolved "https://registry.yarnpkg.com/trim/-/trim-0.0.1.tgz#5858547f6b290757ee95cccc666fb50084c460dd"

when@^3.7.8:
  version "3.7.8"
  resolved "https://registry.npmjs.org/when/-/when-3.7.8.tgz#c7130b6a7ea04693e842cdc9e7a1f2aa39a39f82"

xhr@^2.2.2:
  version "2.2.2"
  resolved "https://registry.yarnpkg.com/xhr/-/xhr-2.2.2.tgz#2ee72571869f8686d41559a9ea286c18971435ff"
  dependencies:
    global "~4.3.0"
    is-function "^1.0.1"
    parse-headers "^2.0.0"
    xtend "^4.0.0"

xtend@^4.0.0:
  version "4.0.1"
  resolved "https://registry.yarnpkg.com/xtend/-/xtend-4.0.1.tgz#a5c6d532be656e23db820efb943a1f04998d63af"
